
Microsoft Visual Studio Solution File, Format Version 12.00
# Visual Studio Version 16
VisualStudioVersion = 16.0.31727.386
MinimumVisualStudioVersion = 10.0.40219.1
Project("{FAE04EC0-301F-11D3-BF4B-00C04F79EFBC}") = "ClientReservasi-20190140129", "ClientReservasi-20190140129\ClientReservasi-20190140129.csproj", "{A2340207-C769-47E4-87A2-18C8563B3F01}"
EndProject
Global
	GlobalSection(SolutionConfigurationPlatforms) = preSolution
		Debug|Any CPU = Debug|Any CPU
		Release|Any CPU = Release|Any CPU
	EndGlobalSection
	GlobalSection(ProjectConfigurationPlatforms) = postSolution
		{A2340207-C769-47E4-87A2-18C8563B3F01}.Debug|Any CPU.ActiveCfg = Debug|Any CPU
		{A2340207-C769-47E4-87A2-18C8563B3F01}.Debug|Any CPU.Build.0 = Debug|Any CPU
		{A2340207-C769-47E4-87A2-18C8563B3F01}.Release|Any CPU.ActiveCfg = Release|Any CPU
		{A2340207-C769-47E4-87A2-18C8563B3F01}.Release|Any CPU.Build.0 = Release|Any CPU
	EndGlobalSection
	GlobalSection(SolutionProperties) = preSolution
		HideSolutionNode = FALSE
	EndGlobalSection
	GlobalSection(ExtensibilityGlobals) = postSolution
		SolutionGuid = {FB7B68AA-6433-4979-8BF3-FD822672FD0B}
	EndGlobalSection
EndGlobal
